
Microsoft Visual Studio Solution File, Format Version 12.00
# Visual Studio Version 16
VisualStudioVersion = 16.0.30406.217
MinimumVisualStudioVersion = 10.0.40219.1
Project("{FAE04EC0-301F-11D3-BF4B-00C04F79EFBC}") = "UniversityDatabase", "UniversityDatabase\UniversityDatabase.csproj", "{B1948FCF-7D3D-4573-AF99-30BD865BEC95}"
EndProject
Global
	GlobalSection(SolutionConfigurationPlatforms) = preSolution
		Debug|Any CPU = Debug|Any CPU
		Release|Any CPU = Release|Any CPU
	EndGlobalSection
	GlobalSection(ProjectConfigurationPlatforms) = postSolution
		{B1948FCF-7D3D-4573-AF99-30BD865BEC95}.Debug|Any CPU.ActiveCfg = Debug|Any CPU
		{B1948FCF-7D3D-4573-AF99-30BD865BEC95}.Debug|Any CPU.Build.0 = Debug|Any CPU
		{B1948FCF-7D3D-4573-AF99-30BD865BEC95}.Release|Any CPU.ActiveCfg = Release|Any CPU
		{B1948FCF-7D3D-4573-AF99-30BD865BEC95}.Release|Any CPU.Build.0 = Release|Any CPU
	EndGlobalSection
	GlobalSection(SolutionProperties) = preSolution
		HideSolutionNode = FALSE
	EndGlobalSection
	GlobalSection(ExtensibilityGlobals) = postSolution
		SolutionGuid = {FDE467CB-6857-491A-B719-4DA89BC4F50D}
	EndGlobalSection
EndGlobal
